// !$*UTF8*$!
{
	archiveVersion = 1;
	classes = {
	};
	objectVersion = 46;
	objects = {

/* Begin PBXBuildFile section */
		63ACE86C18F090D200C3FCFD /* Cocoa.framework in Frameworks */ = {isa = PBXBuildFile; fileRef = 63ACE86B18F090D200C3FCFD /* Cocoa.framework */; };
		63ACE87618F090D200C3FCFD /* InfoPlist.strings in Resources */ = {isa = PBXBuildFile; fileRef = 63ACE87418F090D200C3FCFD /* InfoPlist.strings */; };
		63ACE87818F090D200C3FCFD /* main.m in Sources */ = {isa = PBXBuildFile; fileRef = 63ACE87718F090D200C3FCFD /* main.m */; };
		63ACE87C18F090D200C3FCFD /* Credits.rtf in Resources */ = {isa = PBXBuildFile; fileRef = 63ACE87A18F090D200C3FCFD /* Credits.rtf */; };
		63ACE87F18F090D200C3FCFD /* AppDelegate.m in Sources */ = {isa = PBXBuildFile; fileRef = 63ACE87E18F090D200C3FCFD /* AppDelegate.m */; };
		63ACE88218F090D200C3FCFD /* MainMenu.xib in Resources */ = {isa = PBXBuildFile; fileRef = 63ACE88018F090D200C3FCFD /* MainMenu.xib */; };
		63ACE88418F090D200C3FCFD /* Images.xcassets in Resources */ = {isa = PBXBuildFile; fileRef = 63ACE88318F090D200C3FCFD /* Images.xcassets */; };
		63ACE8A318F094F900C3FCFD /* earth_diffuse_4k.jpg in Resources */ = {isa = PBXBuildFile; fileRef = 63ACE8A218F094F900C3FCFD /* earth_diffuse_4k.jpg */; };
		63ACE8A718F0950600C3FCFD /* earth_specular_1k.jpg in Resources */ = {isa = PBXBuildFile; fileRef = 63ACE8A418F0950600C3FCFD /* earth_specular_1k.jpg */; };
		63ACE8A818F0950600C3FCFD /* earth_lights_4k.jpg in Resources */ = {isa = PBXBuildFile; fileRef = 63ACE8A518F0950600C3FCFD /* earth_lights_4k.jpg */; };
		63ACE8A918F0950600C3FCFD /* earth_normal_4k.jpg in Resources */ = {isa = PBXBuildFile; fileRef = 63ACE8A618F0950600C3FCFD /* earth_normal_4k.jpg */; };
		63ACE8AB18F0951100C3FCFD /* clouds_transparent_2K.jpg in Resources */ = {isa = PBXBuildFile; fileRef = 63ACE8AA18F0951100C3FCFD /* clouds_transparent_2K.jpg */; };
		63E59BA61A0FD2F5009C0C99 /* EarthView.m in Sources */ = {isa = PBXBuildFile; fileRef = 63E59BA51A0FD2F5009C0C99 /* EarthView.m */; };
		6FDF0F9A19404DC70096F866 /* AtmosphereHalo.glsl in Resources */ = {isa = PBXBuildFile; fileRef = 6FDF0F9919404DC70096F866 /* AtmosphereHalo.glsl */; };
/* End PBXBuildFile section */

/* Begin PBXFileReference section */
		63ACE86818F090D200C3FCFD /* Chapter 05 - Earth.app */ = {isa = PBXFileReference; explicitFileType = wrapper.application; includeInIndex = 0; path = "Chapter 05 - Earth.app"; sourceTree = BUILT_PRODUCTS_DIR; };
		63ACE86B18F090D200C3FCFD /* Cocoa.framework */ = {isa = PBXFileReference; lastKnownFileType = wrapper.framework; name = Cocoa.framework; path = System/Library/Frameworks/Cocoa.framework; sourceTree = SDKROOT; };
		63ACE86E18F090D200C3FCFD /* AppKit.framework */ = {isa = PBXFileReference; lastKnownFileType = wrapper.framework; name = AppKit.framework; path = System/Library/Frameworks/AppKit.framework; sourceTree = SDKROOT; };
		63ACE86F18F090D200C3FCFD /* CoreData.framework */ = {isa = PBXFileReference; lastKnownFileType = wrapper.framework; name = CoreData.framework; path = System/Library/Frameworks/CoreData.framework; sourceTree = SDKROOT; };
		63ACE87018F090D200C3FCFD /* Foundation.framework */ = {isa = PBXFileReference; lastKnownFileType = wrapper.framework; name = Foundation.framework; path = System/Library/Frameworks/Foundation.framework; sourceTree = SDKROOT; };
		63ACE87318F090D200C3FCFD /* Chapter 05 - Earth-Info.plist */ = {isa = PBXFileReference; lastKnownFileType = text.plist.xml; path = "Chapter 05 - Earth-Info.plist"; sourceTree = "<group>"; };
		63ACE87518F090D200C3FCFD /* en */ = {isa = PBXFileReference; lastKnownFileType = text.plist.strings; name = en; path = en.lproj/InfoPlist.strings; sourceTree = "<group>"; };
		63ACE87718F090D200C3FCFD /* main.m */ = {isa = PBXFileReference; lastKnownFileType = sourcecode.c.objc; path = main.m; sourceTree = "<group>"; };
		63ACE87918F090D200C3FCFD /* Chapter 05 - Earth-Prefix.pch */ = {isa = PBXFileReference; lastKnownFileType = sourcecode.c.h; path = "Chapter 05 - Earth-Prefix.pch"; sourceTree = "<group>"; };
		63ACE87B18F090D200C3FCFD /* en */ = {isa = PBXFileReference; lastKnownFileType = text.rtf; name = en; path = en.lproj/Credits.rtf; sourceTree = "<group>"; };
		63ACE87D18F090D200C3FCFD /* AppDelegate.h */ = {isa = PBXFileReference; lastKnownFileType = sourcecode.c.h; path = AppDelegate.h; sourceTree = "<group>"; };
		63ACE87E18F090D200C3FCFD /* AppDelegate.m */ = {isa = PBXFileReference; lastKnownFileType = sourcecode.c.objc; path = AppDelegate.m; sourceTree = "<group>"; };
		63ACE88118F090D200C3FCFD /* Base */ = {isa = PBXFileReference; lastKnownFileType = file.xib; name = Base; path = Base.lproj/MainMenu.xib; sourceTree = "<group>"; };
		63ACE88318F090D200C3FCFD /* Images.xcassets */ = {isa = PBXFileReference; lastKnownFileType = folder.assetcatalog; path = Images.xcassets; sourceTree = "<group>"; };
		63ACE88A18F090D200C3FCFD /* XCTest.framework */ = {isa = PBXFileReference; lastKnownFileType = wrapper.framework; name = XCTest.framework; path = Library/Frameworks/XCTest.framework; sourceTree = DEVELOPER_DIR; };
		63ACE8A218F094F900C3FCFD /* earth_diffuse_4k.jpg */ = {isa = PBXFileReference; lastKnownFileType = image.jpeg; path = earth_diffuse_4k.jpg; sourceTree = "<group>"; };
		63ACE8A418F0950600C3FCFD /* earth_specular_1k.jpg */ = {isa = PBXFileReference; lastKnownFileType = image.jpeg; path = earth_specular_1k.jpg; sourceTree = "<group>"; };
		63ACE8A518F0950600C3FCFD /* earth_lights_4k.jpg */ = {isa = PBXFileReference; lastKnownFileType = image.jpeg; path = earth_lights_4k.jpg; sourceTree = "<group>"; };
		63ACE8A618F0950600C3FCFD /* earth_normal_4k.jpg */ = {isa = PBXFileReference; lastKnownFileType = image.jpeg; path = earth_normal_4k.jpg; sourceTree = "<group>"; };
		63ACE8AA18F0951100C3FCFD /* clouds_transparent_2K.jpg */ = {isa = PBXFileReference; lastKnownFileType = image.jpeg; path = clouds_transparent_2K.jpg; sourceTree = "<group>"; };
		63E59BA41A0FD2F5009C0C99 /* EarthView.h */ = {isa = PBXFileReference; fileEncoding = 4; lastKnownFileType = sourcecode.c.h; path = EarthView.h; sourceTree = "<group>"; };
		63E59BA51A0FD2F5009C0C99 /* EarthView.m */ = {isa = PBXFileReference; fileEncoding = 4; lastKnownFileType = sourcecode.c.objc; path = EarthView.m; sourceTree = "<group>"; };
		6FDF0F9919404DC70096F866 /* AtmosphereHalo.glsl */ = {isa = PBXFileReference; fileEncoding = 4; lastKnownFileType = text; path = AtmosphereHalo.glsl; sourceTree = "<group>"; };
/* End PBXFileReference section */

/* Begin PBXFrameworksBuildPhase section */
		63ACE86518F090D200C3FCFD /* Frameworks */ = {
			isa = PBXFrameworksBuildPhase;
			buildActionMask = 2147483647;
			files = (
				63ACE86C18F090D200C3FCFD /* Cocoa.framework in Frameworks */,
			);
			runOnlyForDeploymentPostprocessing = 0;
		};
/* End PBXFrameworksBuildPhase section */

/* Begin PBXGroup section */
		636A04681A0FCA4F007FD4D2 /* Resources */ = {
			isa = PBXGroup;
			children = (
				6FDF0F9919404DC70096F866 /* AtmosphereHalo.glsl */,
				636A04691A0FCA57007FD4D2 /* Textures */,
			);
			name = Resources;
			sourceTree = "<group>";
		};
		636A04691A0FCA57007FD4D2 /* Textures */ = {
			isa = PBXGroup;
			children = (
				63ACE8A218F094F900C3FCFD /* earth_diffuse_4k.jpg */,
				63ACE8A418F0950600C3FCFD /* earth_specular_1k.jpg */,
				63ACE8A518F0950600C3FCFD /* earth_lights_4k.jpg */,
				63ACE8A618F0950600C3FCFD /* earth_normal_4k.jpg */,
				63ACE8AA18F0951100C3FCFD /* clouds_transparent_2K.jpg */,
			);
			name = Textures;
			sourceTree = "<group>";
		};
		63ACE85F18F090D200C3FCFD = {
			isa = PBXGroup;
			children = (
				63ACE87118F090D200C3FCFD /* Chapter 05 - Earth */,
				63ACE86A18F090D200C3FCFD /* Frameworks */,
				63ACE86918F090D200C3FCFD /* Products */,
			);
			sourceTree = "<group>";
		};
		63ACE86918F090D200C3FCFD /* Products */ = {
			isa = PBXGroup;
			children = (
				63ACE86818F090D200C3FCFD /* Chapter 05 - Earth.app */,
			);
			name = Products;
			sourceTree = "<group>";
		};
		63ACE86A18F090D200C3FCFD /* Frameworks */ = {
			isa = PBXGroup;
			children = (
				63ACE86B18F090D200C3FCFD /* Cocoa.framework */,
				63ACE88A18F090D200C3FCFD /* XCTest.framework */,
				63ACE86D18F090D200C3FCFD /* Other Frameworks */,
			);
			name = Frameworks;
			sourceTree = "<group>";
		};
		63ACE86D18F090D200C3FCFD /* Other Frameworks */ = {
			isa = PBXGroup;
			children = (
				63ACE86E18F090D200C3FCFD /* AppKit.framework */,
				63ACE86F18F090D200C3FCFD /* CoreData.framework */,
				63ACE87018F090D200C3FCFD /* Foundation.framework */,
			);
			name = "Other Frameworks";
			sourceTree = "<group>";
		};
		63ACE87118F090D200C3FCFD /* Chapter 05 - Earth */ = {
			isa = PBXGroup;
			children = (
				63ACE87D18F090D200C3FCFD /* AppDelegate.h */,
				63ACE87E18F090D200C3FCFD /* AppDelegate.m */,
				63ACE88018F090D200C3FCFD /* MainMenu.xib */,
				63E59BA41A0FD2F5009C0C99 /* EarthView.h */,
				63E59BA51A0FD2F5009C0C99 /* EarthView.m */,
				636A04681A0FCA4F007FD4D2 /* Resources */,
				63ACE88318F090D200C3FCFD /* Images.xcassets */,
				63ACE87218F090D200C3FCFD /* Supporting Files */,
			);
			path = "Chapter 05 - Earth";
			sourceTree = "<group>";
		};
		63ACE87218F090D200C3FCFD /* Supporting Files */ = {
			isa = PBXGroup;
			children = (
				63ACE87318F090D200C3FCFD /* Chapter 05 - Earth-Info.plist */,
				63ACE87418F090D200C3FCFD /* InfoPlist.strings */,
				63ACE87718F090D200C3FCFD /* main.m */,
				63ACE87918F090D200C3FCFD /* Chapter 05 - Earth-Prefix.pch */,
				63ACE87A18F090D200C3FCFD /* Credits.rtf */,
			);
			name = "Supporting Files";
			sourceTree = "<group>";
		};
/* End PBXGroup section */

/* Begin PBXNativeTarget section */
		63ACE86718F090D200C3FCFD /* Chapter 05 - Earth */ = {
			isa = PBXNativeTarget;
			buildConfigurationList = 63ACE89918F090D200C3FCFD /* Build configuration list for PBXNativeTarget "Chapter 05 - Earth" */;
			buildPhases = (
				63ACE86418F090D200C3FCFD /* Sources */,
				63ACE86518F090D200C3FCFD /* Frameworks */,
				63ACE86618F090D200C3FCFD /* Resources */,
			);
			buildRules = (
			);
			dependencies = (
			);
			name = "Chapter 05 - Earth";
			productName = "Chapter 05 - Earth";
			productReference = 63ACE86818F090D200C3FCFD /* Chapter 05 - Earth.app */;
			productType = "com.apple.product-type.application";
		};
/* End PBXNativeTarget section */

/* Begin PBXProject section */
		63ACE86018F090D200C3FCFD /* Project object */ = {
			isa = PBXProject;
			attributes = {
				LastUpgradeCheck = 0510;
				ORGANIZATIONNAME = "David Rönnqvist";
			};
			buildConfigurationList = 63ACE86318F090D200C3FCFD /* Build configuration list for PBXProject "Chapter 05 - Earth" */;
			compatibilityVersion = "Xcode 3.2";
			developmentRegion = English;
			hasScannedForEncodings = 0;
			knownRegions = (
				en,
				Base,
			);
			mainGroup = 63ACE85F18F090D200C3FCFD;
			productRefGroup = 63ACE86918F090D200C3FCFD /* Products */;
			projectDirPath = "";
			projectRoot = "";
			targets = (
				63ACE86718F090D200C3FCFD /* Chapter 05 - Earth */,
			);
		};
/* End PBXProject section */

/* Begin PBXResourcesBuildPhase section */
		63ACE86618F090D200C3FCFD /* Resources */ = {
			isa = PBXResourcesBuildPhase;
			buildActionMask = 2147483647;
			files = (
				63ACE87618F090D200C3FCFD /* InfoPlist.strings in Resources */,
				63ACE8AB18F0951100C3FCFD /* clouds_transparent_2K.jpg in Resources */,
				63ACE8A718F0950600C3FCFD /* earth_specular_1k.jpg in Resources */,
				6FDF0F9A19404DC70096F866 /* AtmosphereHalo.glsl in Resources */,
				63ACE88418F090D200C3FCFD /* Images.xcassets in Resources */,
				63ACE87C18F090D200C3FCFD /* Credits.rtf in Resources */,
				63ACE8A918F0950600C3FCFD /* earth_normal_4k.jpg in Resources */,
				63ACE8A318F094F900C3FCFD /* earth_diffuse_4k.jpg in Resources */,
				63ACE8A818F0950600C3FCFD /* earth_lights_4k.jpg in Resources */,
				63ACE88218F090D200C3FCFD /* MainMenu.xib in Resources */,
			);
			runOnlyForDeploymentPostprocessing = 0;
		};
/* End PBXResourcesBuildPhase section */

/* Begin PBXSourcesBuildPhase section */
		63ACE86418F090D200C3FCFD /* Sources */ = {
			isa = PBXSourcesBuildPhase;
			buildActionMask = 2147483647;
			files = (
				63ACE87F18F090D200C3FCFD /* AppDelegate.m in Sources */,
				63ACE87818F090D200C3FCFD /* main.m in Sources */,
				63E59BA61A0FD2F5009C0C99 /* EarthView.m in Sources */,
			);
			runOnlyForDeploymentPostprocessing = 0;
		};
/* End PBXSourcesBuildPhase section */

/* Begin PBXVariantGroup section */
		63ACE87418F090D200C3FCFD /* InfoPlist.strings */ = {
			isa = PBXVariantGroup;
			children = (
				63ACE87518F090D200C3FCFD /* en */,
			);
			name = InfoPlist.strings;
			sourceTree = "<group>";
		};
		63ACE87A18F090D200C3FCFD /* Credits.rtf */ = {
			isa = PBXVariantGroup;
			children = (
				63ACE87B18F090D200C3FCFD /* en */,
			);
			name = Credits.rtf;
			sourceTree = "<group>";
		};
		63ACE88018F090D200C3FCFD /* MainMenu.xib */ = {
			isa = PBXVariantGroup;
			children = (
				63ACE88118F090D200C3FCFD /* Base */,
			);
			name = MainMenu.xib;
			sourceTree = "<group>";
		};
/* End PBXVariantGroup section */

/* Begin XCBuildConfiguration section */
		63ACE89718F090D200C3FCFD /* Debug */ = {
			isa = XCBuildConfiguration;
			buildSettings = {
				ALWAYS_SEARCH_USER_PATHS = NO;
				CLANG_CXX_LANGUAGE_STANDARD = "gnu++0x";
				CLANG_CXX_LIBRARY = "libc++";
				CLANG_ENABLE_MODULES = YES;
				CLANG_ENABLE_OBJC_ARC = YES;
				CLANG_WARN_BOOL_CONVERSION = YES;
				CLANG_WARN_CONSTANT_CONVERSION = YES;
				CLANG_WARN_DIRECT_OBJC_ISA_USAGE = YES_ERROR;
				CLANG_WARN_EMPTY_BODY = YES;
				CLANG_WARN_ENUM_CONVERSION = YES;
				CLANG_WARN_INT_CONVERSION = YES;
				CLANG_WARN_OBJC_ROOT_CLASS = YES_ERROR;
				CLANG_WARN__DUPLICATE_METHOD_MATCH = YES;
				COPY_PHASE_STRIP = NO;
				GCC_C_LANGUAGE_STANDARD = gnu99;
				GCC_DYNAMIC_NO_PIC = NO;
				GCC_ENABLE_OBJC_EXCEPTIONS = YES;
				GCC_OPTIMIZATION_LEVEL = 0;
				GCC_PREPROCESSOR_DEFINITIONS = (
					"DEBUG=1",
					"$(inherited)",
				);
				GCC_SYMBOLS_PRIVATE_EXTERN = NO;
				GCC_WARN_64_TO_32_BIT_CONVERSION = YES;
				GCC_WARN_ABOUT_RETURN_TYPE = YES_ERROR;
				GCC_WARN_UNDECLARED_SELECTOR = YES;
				GCC_WARN_UNINITIALIZED_AUTOS = YES_AGGRESSIVE;
				GCC_WARN_UNUSED_FUNCTION = YES;
				GCC_WARN_UNUSED_VARIABLE = YES;
				MACOSX_DEPLOYMENT_TARGET = 10.8;
				ONLY_ACTIVE_ARCH = YES;
				SDKROOT = macosx;
			};
			name = Debug;
		};
		63ACE89818F090D200C3FCFD /* Release */ = {
			isa = XCBuildConfiguration;
			buildSettings = {
				ALWAYS_SEARCH_USER_PATHS = NO;
				CLANG_CXX_LANGUAGE_STANDARD = "gnu++0x";
				CLANG_CXX_LIBRARY = "libc++";
				CLANG_ENABLE_MODULES = YES;
				CLANG_ENABLE_OBJC_ARC = YES;
				CLANG_WARN_BOOL_CONVERSION = YES;
				CLANG_WARN_CONSTANT_CONVERSION = YES;
				CLANG_WARN_DIRECT_OBJC_ISA_USAGE = YES_ERROR;
				CLANG_WARN_EMPTY_BODY = YES;
				CLANG_WARN_ENUM_CONVERSION = YES;
				CLANG_WARN_INT_CONVERSION = YES;
				CLANG_WARN_OBJC_ROOT_CLASS = YES_ERROR;
				CLANG_WARN__DUPLICATE_METHOD_MATCH = YES;
				COPY_PHASE_STRIP = YES;
				DEBUG_INFORMATION_FORMAT = "dwarf-with-dsym";
				ENABLE_NS_ASSERTIONS = NO;
				GCC_C_LANGUAGE_STANDARD = gnu99;
				GCC_ENABLE_OBJC_EXCEPTIONS = YES;
				GCC_WARN_64_TO_32_BIT_CONVERSION = YES;
				GCC_WARN_ABOUT_RETURN_TYPE = YES_ERROR;
				GCC_WARN_UNDECLARED_SELECTOR = YES;
				GCC_WARN_UNINITIALIZED_AUTOS = YES_AGGRESSIVE;
				GCC_WARN_UNUSED_FUNCTION = YES;
				GCC_WARN_UNUSED_VARIABLE = YES;
				MACOSX_DEPLOYMENT_TARGET = 10.8;
				SDKROOT = macosx;
			};
			name = Release;
		};
		63ACE89A18F090D200C3FCFD /* Debug */ = {
			isa = XCBuildConfiguration;
			buildSettings = {
				ASSETCATALOG_COMPILER_APPICON_NAME = AppIcon;
				COMBINE_HIDPI_IMAGES = YES;
				GCC_PRECOMPILE_PREFIX_HEADER = YES;
				GCC_PREFIX_HEADER = "Chapter 05 - Earth/Chapter 05 - Earth-Prefix.pch";
				INFOPLIST_FILE = "Chapter 05 - Earth/Chapter 05 - Earth-Info.plist";
				PRODUCT_NAME = "$(TARGET_NAME)";
				WRAPPER_EXTENSION = app;
			};
			name = Debug;
		};
		63ACE89B18F090D200C3FCFD /* Release */ = {
			isa = XCBuildConfiguration;
			buildSettings = {
				ASSETCATALOG_COMPILER_APPICON_NAME = AppIcon;
				COMBINE_HIDPI_IMAGES = YES;
				GCC_PRECOMPILE_PREFIX_HEADER = YES;
				GCC_PREFIX_HEADER = "Chapter 05 - Earth/Chapter 05 - Earth-Prefix.pch";
				INFOPLIST_FILE = "Chapter 05 - Earth/Chapter 05 - Earth-Info.plist";
				PRODUCT_NAME = "$(TARGET_NAME)";
				WRAPPER_EXTENSION = app;
			};
			name = Release;
		};
/* End XCBuildConfiguration section */

/* Begin XCConfigurationList section */
		63ACE86318F090D200C3FCFD /* Build configuration list for PBXProject "Chapter 05 - Earth" */ = {
			isa = XCConfigurationList;
			buildConfigurations = (
				63ACE89718F090D200C3FCFD /* Debug */,
				63ACE89818F090D200C3FCFD /* Release */,
			);
			defaultConfigurationIsVisible = 0;
			defaultConfigurationName = Release;
		};
		63ACE89918F090D200C3FCFD /* Build configuration list for PBXNativeTarget "Chapter 05 - Earth" */ = {
			isa = XCConfigurationList;
			buildConfigurations = (
				63ACE89A18F090D200C3FCFD /* Debug */,
				63ACE89B18F090D200C3FCFD /* Release */,
			);
			defaultConfigurationIsVisible = 0;
			defaultConfigurationName = Release;
		};
/* End XCConfigurationList section */
	};
	rootObject = 63ACE86018F090D200C3FCFD /* Project object */;
}
