// !$*UTF8*$!
{
	archiveVersion = 1;
	classes = {
	};
	objectVersion = 46;
	objects = {

/* Begin PBXBuildFile section */
		63295F26197BCA6F0092A902 /* Cocoa.framework in Frameworks */ = {isa = PBXBuildFile; fileRef = 63295F25197BCA6F0092A902 /* Cocoa.framework */; };
		63295F30197BCA6F0092A902 /* InfoPlist.strings in Resources */ = {isa = PBXBuildFile; fileRef = 63295F2E197BCA6F0092A902 /* InfoPlist.strings */; };
		63295F32197BCA6F0092A902 /* main.m in Sources */ = {isa = PBXBuildFile; fileRef = 63295F31197BCA6F0092A902 /* main.m */; };
		63295F36197BCA6F0092A902 /* Credits.rtf in Resources */ = {isa = PBXBuildFile; fileRef = 63295F34197BCA6F0092A902 /* Credits.rtf */; };
		63295F39197BCA6F0092A902 /* AppDelegate.m in Sources */ = {isa = PBXBuildFile; fileRef = 63295F38197BCA6F0092A902 /* AppDelegate.m */; };
		63295F3C197BCA6F0092A902 /* MainMenu.xib in Resources */ = {isa = PBXBuildFile; fileRef = 63295F3A197BCA6F0092A902 /* MainMenu.xib */; };
		63295F3E197BCA6F0092A902 /* Images.xcassets in Resources */ = {isa = PBXBuildFile; fileRef = 63295F3D197BCA6F0092A902 /* Images.xcassets */; };
		63295F5A197BCAA60092A902 /* Spaceship.dae in Resources */ = {isa = PBXBuildFile; fileRef = 63295F59197BCAA60092A902 /* Spaceship.dae */; };
		636A045F1A0FC11F007FD4D2 /* emission.png in Resources */ = {isa = PBXBuildFile; fileRef = 636A045A1A0FC11F007FD4D2 /* emission.png */; };
		636A04601A0FC11F007FD4D2 /* diffuse.png in Resources */ = {isa = PBXBuildFile; fileRef = 636A045B1A0FC11F007FD4D2 /* diffuse.png */; };
		636A04611A0FC11F007FD4D2 /* specular.png in Resources */ = {isa = PBXBuildFile; fileRef = 636A045C1A0FC11F007FD4D2 /* specular.png */; };
		636A04621A0FC11F007FD4D2 /* multiply.png in Resources */ = {isa = PBXBuildFile; fileRef = 636A045D1A0FC11F007FD4D2 /* multiply.png */; };
		636A04631A0FC11F007FD4D2 /* normal.png in Resources */ = {isa = PBXBuildFile; fileRef = 636A045E1A0FC11F007FD4D2 /* normal.png */; };
		636A04651A0FC1B0007FD4D2 /* SceneKit.framework in Frameworks */ = {isa = PBXBuildFile; fileRef = 636A04641A0FC1AF007FD4D2 /* SceneKit.framework */; };
/* End PBXBuildFile section */

/* Begin PBXFileReference section */
		63295F22197BCA6E0092A902 /* Chapter 04 - Adding Detail with Images.app */ = {isa = PBXFileReference; explicitFileType = wrapper.application; includeInIndex = 0; path = "Chapter 04 - Adding Detail with Images.app"; sourceTree = BUILT_PRODUCTS_DIR; };
		63295F25197BCA6F0092A902 /* Cocoa.framework */ = {isa = PBXFileReference; lastKnownFileType = wrapper.framework; name = Cocoa.framework; path = System/Library/Frameworks/Cocoa.framework; sourceTree = SDKROOT; };
		63295F28197BCA6F0092A902 /* AppKit.framework */ = {isa = PBXFileReference; lastKnownFileType = wrapper.framework; name = AppKit.framework; path = System/Library/Frameworks/AppKit.framework; sourceTree = SDKROOT; };
		63295F29197BCA6F0092A902 /* CoreData.framework */ = {isa = PBXFileReference; lastKnownFileType = wrapper.framework; name = CoreData.framework; path = System/Library/Frameworks/CoreData.framework; sourceTree = SDKROOT; };
		63295F2A197BCA6F0092A902 /* Foundation.framework */ = {isa = PBXFileReference; lastKnownFileType = wrapper.framework; name = Foundation.framework; path = System/Library/Frameworks/Foundation.framework; sourceTree = SDKROOT; };
		63295F2D197BCA6F0092A902 /* Chapter 04 - Adding Detail with Images-Info.plist */ = {isa = PBXFileReference; lastKnownFileType = text.plist.xml; path = "Chapter 04 - Adding Detail with Images-Info.plist"; sourceTree = "<group>"; };
		63295F2F197BCA6F0092A902 /* en */ = {isa = PBXFileReference; lastKnownFileType = text.plist.strings; name = en; path = en.lproj/InfoPlist.strings; sourceTree = "<group>"; };
		63295F31197BCA6F0092A902 /* main.m */ = {isa = PBXFileReference; lastKnownFileType = sourcecode.c.objc; path = main.m; sourceTree = "<group>"; };
		63295F33197BCA6F0092A902 /* Chapter 04 - Adding Detail with Images-Prefix.pch */ = {isa = PBXFileReference; lastKnownFileType = sourcecode.c.h; path = "Chapter 04 - Adding Detail with Images-Prefix.pch"; sourceTree = "<group>"; };
		63295F35197BCA6F0092A902 /* en */ = {isa = PBXFileReference; lastKnownFileType = text.rtf; name = en; path = en.lproj/Credits.rtf; sourceTree = "<group>"; };
		63295F37197BCA6F0092A902 /* AppDelegate.h */ = {isa = PBXFileReference; lastKnownFileType = sourcecode.c.h; path = AppDelegate.h; sourceTree = "<group>"; };
		63295F38197BCA6F0092A902 /* AppDelegate.m */ = {isa = PBXFileReference; lastKnownFileType = sourcecode.c.objc; path = AppDelegate.m; sourceTree = "<group>"; };
		63295F3B197BCA6F0092A902 /* Base */ = {isa = PBXFileReference; lastKnownFileType = file.xib; name = Base; path = Base.lproj/MainMenu.xib; sourceTree = "<group>"; };
		63295F3D197BCA6F0092A902 /* Images.xcassets */ = {isa = PBXFileReference; lastKnownFileType = folder.assetcatalog; path = Images.xcassets; sourceTree = "<group>"; };
		63295F44197BCA6F0092A902 /* XCTest.framework */ = {isa = PBXFileReference; lastKnownFileType = wrapper.framework; name = XCTest.framework; path = Library/Frameworks/XCTest.framework; sourceTree = DEVELOPER_DIR; };
		63295F59197BCAA60092A902 /* Spaceship.dae */ = {isa = PBXFileReference; fileEncoding = 4; lastKnownFileType = text.xml.dae; path = Spaceship.dae; sourceTree = "<group>"; };
		636A045A1A0FC11F007FD4D2 /* emission.png */ = {isa = PBXFileReference; lastKnownFileType = image.png; path = emission.png; sourceTree = "<group>"; };
		636A045B1A0FC11F007FD4D2 /* diffuse.png */ = {isa = PBXFileReference; lastKnownFileType = image.png; path = diffuse.png; sourceTree = "<group>"; };
		636A045C1A0FC11F007FD4D2 /* specular.png */ = {isa = PBXFileReference; lastKnownFileType = image.png; path = specular.png; sourceTree = "<group>"; };
		636A045D1A0FC11F007FD4D2 /* multiply.png */ = {isa = PBXFileReference; lastKnownFileType = image.png; path = multiply.png; sourceTree = "<group>"; };
		636A045E1A0FC11F007FD4D2 /* normal.png */ = {isa = PBXFileReference; lastKnownFileType = image.png; path = normal.png; sourceTree = "<group>"; };
		636A04641A0FC1AF007FD4D2 /* SceneKit.framework */ = {isa = PBXFileReference; lastKnownFileType = wrapper.framework; name = SceneKit.framework; path = System/Library/Frameworks/SceneKit.framework; sourceTree = SDKROOT; };
/* End PBXFileReference section */

/* Begin PBXFrameworksBuildPhase section */
		63295F1F197BCA6E0092A902 /* Frameworks */ = {
			isa = PBXFrameworksBuildPhase;
			buildActionMask = 2147483647;
			files = (
				636A04651A0FC1B0007FD4D2 /* SceneKit.framework in Frameworks */,
				63295F26197BCA6F0092A902 /* Cocoa.framework in Frameworks */,
			);
			runOnlyForDeploymentPostprocessing = 0;
		};
/* End PBXFrameworksBuildPhase section */

/* Begin PBXGroup section */
		63295F19197BCA6E0092A902 = {
			isa = PBXGroup;
			children = (
				63295F2B197BCA6F0092A902 /* Chapter 04 - Adding Detail with Images */,
				63295F24197BCA6E0092A902 /* Frameworks */,
				63295F23197BCA6E0092A902 /* Products */,
			);
			sourceTree = "<group>";
		};
		63295F23197BCA6E0092A902 /* Products */ = {
			isa = PBXGroup;
			children = (
				63295F22197BCA6E0092A902 /* Chapter 04 - Adding Detail with Images.app */,
			);
			name = Products;
			sourceTree = "<group>";
		};
		63295F24197BCA6E0092A902 /* Frameworks */ = {
			isa = PBXGroup;
			children = (
				636A04641A0FC1AF007FD4D2 /* SceneKit.framework */,
				63295F25197BCA6F0092A902 /* Cocoa.framework */,
				63295F44197BCA6F0092A902 /* XCTest.framework */,
				63295F27197BCA6F0092A902 /* Other Frameworks */,
			);
			name = Frameworks;
			sourceTree = "<group>";
		};
		63295F27197BCA6F0092A902 /* Other Frameworks */ = {
			isa = PBXGroup;
			children = (
				63295F28197BCA6F0092A902 /* AppKit.framework */,
				63295F29197BCA6F0092A902 /* CoreData.framework */,
				63295F2A197BCA6F0092A902 /* Foundation.framework */,
			);
			name = "Other Frameworks";
			sourceTree = "<group>";
		};
		63295F2B197BCA6F0092A902 /* Chapter 04 - Adding Detail with Images */ = {
			isa = PBXGroup;
			children = (
				63295F37197BCA6F0092A902 /* AppDelegate.h */,
				63295F38197BCA6F0092A902 /* AppDelegate.m */,
				63295F3A197BCA6F0092A902 /* MainMenu.xib */,
				63E59BA21A0FD240009C0C99 /* Resources */,
				63295F3D197BCA6F0092A902 /* Images.xcassets */,
				63295F2C197BCA6F0092A902 /* Supporting Files */,
			);
			path = "Chapter 04 - Adding Detail with Images";
			sourceTree = "<group>";
		};
		63295F2C197BCA6F0092A902 /* Supporting Files */ = {
			isa = PBXGroup;
			children = (
				63295F2D197BCA6F0092A902 /* Chapter 04 - Adding Detail with Images-Info.plist */,
				63295F2E197BCA6F0092A902 /* InfoPlist.strings */,
				63295F31197BCA6F0092A902 /* main.m */,
				63295F33197BCA6F0092A902 /* Chapter 04 - Adding Detail with Images-Prefix.pch */,
				63295F34197BCA6F0092A902 /* Credits.rtf */,
			);
			name = "Supporting Files";
			sourceTree = "<group>";
		};
		63E59BA21A0FD240009C0C99 /* Resources */ = {
			isa = PBXGroup;
			children = (
				63295F59197BCAA60092A902 /* Spaceship.dae */,
				63E59BA31A0FD247009C0C99 /* Textures */,
			);
			name = Resources;
			sourceTree = "<group>";
		};
		63E59BA31A0FD247009C0C99 /* Textures */ = {
			isa = PBXGroup;
			children = (
				636A045A1A0FC11F007FD4D2 /* emission.png */,
				636A045B1A0FC11F007FD4D2 /* diffuse.png */,
				636A045C1A0FC11F007FD4D2 /* specular.png */,
				636A045D1A0FC11F007FD4D2 /* multiply.png */,
				636A045E1A0FC11F007FD4D2 /* normal.png */,
			);
			name = Textures;
			sourceTree = "<group>";
		};
/* End PBXGroup section */

/* Begin PBXNativeTarget section */
		63295F21197BCA6E0092A902 /* Chapter 04 - Adding Detail with Images */ = {
			isa = PBXNativeTarget;
			buildConfigurationList = 63295F53197BCA6F0092A902 /* Build configuration list for PBXNativeTarget "Chapter 04 - Adding Detail with Images" */;
			buildPhases = (
				63295F1E197BCA6E0092A902 /* Sources */,
				63295F1F197BCA6E0092A902 /* Frameworks */,
				63295F20197BCA6E0092A902 /* Resources */,
			);
			buildRules = (
			);
			dependencies = (
			);
			name = "Chapter 04 - Adding Detail with Images";
			productName = "Chapter 04 - Adding Detail with Images";
			productReference = 63295F22197BCA6E0092A902 /* Chapter 04 - Adding Detail with Images.app */;
			productType = "com.apple.product-type.application";
		};
/* End PBXNativeTarget section */

/* Begin PBXProject section */
		63295F1A197BCA6E0092A902 /* Project object */ = {
			isa = PBXProject;
			attributes = {
				LastUpgradeCheck = 0510;
				ORGANIZATIONNAME = "David Rönnqvist";
			};
			buildConfigurationList = 63295F1D197BCA6E0092A902 /* Build configuration list for PBXProject "Chapter 04 - Adding Detail with Images" */;
			compatibilityVersion = "Xcode 3.2";
			developmentRegion = English;
			hasScannedForEncodings = 0;
			knownRegions = (
				en,
				Base,
			);
			mainGroup = 63295F19197BCA6E0092A902;
			productRefGroup = 63295F23197BCA6E0092A902 /* Products */;
			projectDirPath = "";
			projectRoot = "";
			targets = (
				63295F21197BCA6E0092A902 /* Chapter 04 - Adding Detail with Images */,
			);
		};
/* End PBXProject section */

/* Begin PBXResourcesBuildPhase section */
		63295F20197BCA6E0092A902 /* Resources */ = {
			isa = PBXResourcesBuildPhase;
			buildActionMask = 2147483647;
			files = (
				636A04601A0FC11F007FD4D2 /* diffuse.png in Resources */,
				63295F30197BCA6F0092A902 /* InfoPlist.strings in Resources */,
				63295F3E197BCA6F0092A902 /* Images.xcassets in Resources */,
				63295F5A197BCAA60092A902 /* Spaceship.dae in Resources */,
				636A04621A0FC11F007FD4D2 /* multiply.png in Resources */,
				636A045F1A0FC11F007FD4D2 /* emission.png in Resources */,
				63295F36197BCA6F0092A902 /* Credits.rtf in Resources */,
				63295F3C197BCA6F0092A902 /* MainMenu.xib in Resources */,
				636A04611A0FC11F007FD4D2 /* specular.png in Resources */,
				636A04631A0FC11F007FD4D2 /* normal.png in Resources */,
			);
			runOnlyForDeploymentPostprocessing = 0;
		};
/* End PBXResourcesBuildPhase section */

/* Begin PBXSourcesBuildPhase section */
		63295F1E197BCA6E0092A902 /* Sources */ = {
			isa = PBXSourcesBuildPhase;
			buildActionMask = 2147483647;
			files = (
				63295F39197BCA6F0092A902 /* AppDelegate.m in Sources */,
				63295F32197BCA6F0092A902 /* main.m in Sources */,
			);
			runOnlyForDeploymentPostprocessing = 0;
		};
/* End PBXSourcesBuildPhase section */

/* Begin PBXVariantGroup section */
		63295F2E197BCA6F0092A902 /* InfoPlist.strings */ = {
			isa = PBXVariantGroup;
			children = (
				63295F2F197BCA6F0092A902 /* en */,
			);
			name = InfoPlist.strings;
			sourceTree = "<group>";
		};
		63295F34197BCA6F0092A902 /* Credits.rtf */ = {
			isa = PBXVariantGroup;
			children = (
				63295F35197BCA6F0092A902 /* en */,
			);
			name = Credits.rtf;
			sourceTree = "<group>";
		};
		63295F3A197BCA6F0092A902 /* MainMenu.xib */ = {
			isa = PBXVariantGroup;
			children = (
				63295F3B197BCA6F0092A902 /* Base */,
			);
			name = MainMenu.xib;
			sourceTree = "<group>";
		};
/* End PBXVariantGroup section */

/* Begin XCBuildConfiguration section */
		63295F51197BCA6F0092A902 /* Debug */ = {
			isa = XCBuildConfiguration;
			buildSettings = {
				ALWAYS_SEARCH_USER_PATHS = NO;
				CLANG_CXX_LANGUAGE_STANDARD = "gnu++0x";
				CLANG_CXX_LIBRARY = "libc++";
				CLANG_ENABLE_MODULES = YES;
				CLANG_ENABLE_OBJC_ARC = YES;
				CLANG_WARN_BOOL_CONVERSION = YES;
				CLANG_WARN_CONSTANT_CONVERSION = YES;
				CLANG_WARN_DIRECT_OBJC_ISA_USAGE = YES_ERROR;
				CLANG_WARN_EMPTY_BODY = YES;
				CLANG_WARN_ENUM_CONVERSION = YES;
				CLANG_WARN_INT_CONVERSION = YES;
				CLANG_WARN_OBJC_ROOT_CLASS = YES_ERROR;
				CLANG_WARN__DUPLICATE_METHOD_MATCH = YES;
				COPY_PHASE_STRIP = NO;
				GCC_C_LANGUAGE_STANDARD = gnu99;
				GCC_DYNAMIC_NO_PIC = NO;
				GCC_ENABLE_OBJC_EXCEPTIONS = YES;
				GCC_OPTIMIZATION_LEVEL = 0;
				GCC_PREPROCESSOR_DEFINITIONS = (
					"DEBUG=1",
					"$(inherited)",
				);
				GCC_SYMBOLS_PRIVATE_EXTERN = NO;
				GCC_WARN_64_TO_32_BIT_CONVERSION = YES;
				GCC_WARN_ABOUT_RETURN_TYPE = YES_ERROR;
				GCC_WARN_UNDECLARED_SELECTOR = YES;
				GCC_WARN_UNINITIALIZED_AUTOS = YES_AGGRESSIVE;
				GCC_WARN_UNUSED_FUNCTION = YES;
				GCC_WARN_UNUSED_VARIABLE = YES;
				MACOSX_DEPLOYMENT_TARGET = 10.8;
				ONLY_ACTIVE_ARCH = YES;
				SDKROOT = macosx;
			};
			name = Debug;
		};
		63295F52197BCA6F0092A902 /* Release */ = {
			isa = XCBuildConfiguration;
			buildSettings = {
				ALWAYS_SEARCH_USER_PATHS = NO;
				CLANG_CXX_LANGUAGE_STANDARD = "gnu++0x";
				CLANG_CXX_LIBRARY = "libc++";
				CLANG_ENABLE_MODULES = YES;
				CLANG_ENABLE_OBJC_ARC = YES;
				CLANG_WARN_BOOL_CONVERSION = YES;
				CLANG_WARN_CONSTANT_CONVERSION = YES;
				CLANG_WARN_DIRECT_OBJC_ISA_USAGE = YES_ERROR;
				CLANG_WARN_EMPTY_BODY = YES;
				CLANG_WARN_ENUM_CONVERSION = YES;
				CLANG_WARN_INT_CONVERSION = YES;
				CLANG_WARN_OBJC_ROOT_CLASS = YES_ERROR;
				CLANG_WARN__DUPLICATE_METHOD_MATCH = YES;
				COPY_PHASE_STRIP = YES;
				DEBUG_INFORMATION_FORMAT = "dwarf-with-dsym";
				ENABLE_NS_ASSERTIONS = NO;
				GCC_C_LANGUAGE_STANDARD = gnu99;
				GCC_ENABLE_OBJC_EXCEPTIONS = YES;
				GCC_WARN_64_TO_32_BIT_CONVERSION = YES;
				GCC_WARN_ABOUT_RETURN_TYPE = YES_ERROR;
				GCC_WARN_UNDECLARED_SELECTOR = YES;
				GCC_WARN_UNINITIALIZED_AUTOS = YES_AGGRESSIVE;
				GCC_WARN_UNUSED_FUNCTION = YES;
				GCC_WARN_UNUSED_VARIABLE = YES;
				MACOSX_DEPLOYMENT_TARGET = 10.8;
				SDKROOT = macosx;
			};
			name = Release;
		};
		63295F54197BCA6F0092A902 /* Debug */ = {
			isa = XCBuildConfiguration;
			buildSettings = {
				ASSETCATALOG_COMPILER_APPICON_NAME = AppIcon;
				COMBINE_HIDPI_IMAGES = YES;
				GCC_PRECOMPILE_PREFIX_HEADER = YES;
				GCC_PREFIX_HEADER = "Chapter 04 - Adding Detail with Images/Chapter 04 - Adding Detail with Images-Prefix.pch";
				INFOPLIST_FILE = "Chapter 04 - Adding Detail with Images/Chapter 04 - Adding Detail with Images-Info.plist";
				MACOSX_DEPLOYMENT_TARGET = 10.9;
				PRODUCT_NAME = "$(TARGET_NAME)";
				WRAPPER_EXTENSION = app;
			};
			name = Debug;
		};
		63295F55197BCA6F0092A902 /* Release */ = {
			isa = XCBuildConfiguration;
			buildSettings = {
				ASSETCATALOG_COMPILER_APPICON_NAME = AppIcon;
				COMBINE_HIDPI_IMAGES = YES;
				GCC_PRECOMPILE_PREFIX_HEADER = YES;
				GCC_PREFIX_HEADER = "Chapter 04 - Adding Detail with Images/Chapter 04 - Adding Detail with Images-Prefix.pch";
				INFOPLIST_FILE = "Chapter 04 - Adding Detail with Images/Chapter 04 - Adding Detail with Images-Info.plist";
				MACOSX_DEPLOYMENT_TARGET = 10.9;
				PRODUCT_NAME = "$(TARGET_NAME)";
				WRAPPER_EXTENSION = app;
			};
			name = Release;
		};
/* End XCBuildConfiguration section */

/* Begin XCConfigurationList section */
		63295F1D197BCA6E0092A902 /* Build configuration list for PBXProject "Chapter 04 - Adding Detail with Images" */ = {
			isa = XCConfigurationList;
			buildConfigurations = (
				63295F51197BCA6F0092A902 /* Debug */,
				63295F52197BCA6F0092A902 /* Release */,
			);
			defaultConfigurationIsVisible = 0;
			defaultConfigurationName = Release;
		};
		63295F53197BCA6F0092A902 /* Build configuration list for PBXNativeTarget "Chapter 04 - Adding Detail with Images" */ = {
			isa = XCConfigurationList;
			buildConfigurations = (
				63295F54197BCA6F0092A902 /* Debug */,
				63295F55197BCA6F0092A902 /* Release */,
			);
			defaultConfigurationIsVisible = 0;
			defaultConfigurationName = Release;
		};
/* End XCConfigurationList section */
	};
	rootObject = 63295F1A197BCA6E0092A902 /* Project object */;
}
