// !$*UTF8*$!
{
	archiveVersion = 1;
	classes = {
	};
	objectVersion = 46;
	objects = {

/* Begin PBXBuildFile section */
		63E59BBA1A0FD38B009C0C99 /* AppDelegate.m in Sources */ = {isa = PBXBuildFile; fileRef = 63E59BB91A0FD38B009C0C99 /* AppDelegate.m */; };
		63E59BBC1A0FD38B009C0C99 /* main.m in Sources */ = {isa = PBXBuildFile; fileRef = 63E59BBB1A0FD38B009C0C99 /* main.m */; };
		63E59BBE1A0FD38B009C0C99 /* Images.xcassets in Resources */ = {isa = PBXBuildFile; fileRef = 63E59BBD1A0FD38B009C0C99 /* Images.xcassets */; };
		63E59BC11A0FD38B009C0C99 /* MainMenu.xib in Resources */ = {isa = PBXBuildFile; fileRef = 63E59BBF1A0FD38B009C0C99 /* MainMenu.xib */; };
		63E59BD71A0FD3BC009C0C99 /* checker tile dark.jpg in Resources */ = {isa = PBXBuildFile; fileRef = 63E59BD61A0FD3BC009C0C99 /* checker tile dark.jpg */; };
		63E59BDC1A0FD3C2009C0C99 /* myShader.vert in Resources */ = {isa = PBXBuildFile; fileRef = 63E59BD81A0FD3C2009C0C99 /* myShader.vert */; };
		63E59BDD1A0FD3C2009C0C99 /* myShader.frag in Resources */ = {isa = PBXBuildFile; fileRef = 63E59BD91A0FD3C2009C0C99 /* myShader.frag */; };
		63E59BDE1A0FD3C2009C0C99 /* customShader.vert in Resources */ = {isa = PBXBuildFile; fileRef = 63E59BDA1A0FD3C2009C0C99 /* customShader.vert */; };
		63E59BDF1A0FD3C2009C0C99 /* customShader.frag in Resources */ = {isa = PBXBuildFile; fileRef = 63E59BDB1A0FD3C2009C0C99 /* customShader.frag */; };
		63E59BE31A0FD44A009C0C99 /* Cocoa.framework in Frameworks */ = {isa = PBXBuildFile; fileRef = 63E59BE21A0FD44A009C0C99 /* Cocoa.framework */; };
		63E59BE51A0FD453009C0C99 /* SceneKit.framework in Frameworks */ = {isa = PBXBuildFile; fileRef = 63E59BE41A0FD453009C0C99 /* SceneKit.framework */; };
/* End PBXBuildFile section */

/* Begin PBXFileReference section */
		63E59BB31A0FD38B009C0C99 /* Chapter 12 - Custom Shaders.app */ = {isa = PBXFileReference; explicitFileType = wrapper.application; includeInIndex = 0; path = "Chapter 12 - Custom Shaders.app"; sourceTree = BUILT_PRODUCTS_DIR; };
		63E59BB71A0FD38B009C0C99 /* Info.plist */ = {isa = PBXFileReference; lastKnownFileType = text.plist.xml; path = Info.plist; sourceTree = "<group>"; };
		63E59BB81A0FD38B009C0C99 /* AppDelegate.h */ = {isa = PBXFileReference; lastKnownFileType = sourcecode.c.h; path = AppDelegate.h; sourceTree = "<group>"; };
		63E59BB91A0FD38B009C0C99 /* AppDelegate.m */ = {isa = PBXFileReference; lastKnownFileType = sourcecode.c.objc; path = AppDelegate.m; sourceTree = "<group>"; };
		63E59BBB1A0FD38B009C0C99 /* main.m */ = {isa = PBXFileReference; lastKnownFileType = sourcecode.c.objc; path = main.m; sourceTree = "<group>"; };
		63E59BBD1A0FD38B009C0C99 /* Images.xcassets */ = {isa = PBXFileReference; lastKnownFileType = folder.assetcatalog; path = Images.xcassets; sourceTree = "<group>"; };
		63E59BC01A0FD38B009C0C99 /* Base */ = {isa = PBXFileReference; lastKnownFileType = file.xib; name = Base; path = Base.lproj/MainMenu.xib; sourceTree = "<group>"; };
		63E59BD61A0FD3BC009C0C99 /* checker tile dark.jpg */ = {isa = PBXFileReference; lastKnownFileType = image.jpeg; path = "checker tile dark.jpg"; sourceTree = "<group>"; };
		63E59BD81A0FD3C2009C0C99 /* myShader.vert */ = {isa = PBXFileReference; fileEncoding = 4; lastKnownFileType = sourcecode.glsl; path = myShader.vert; sourceTree = "<group>"; };
		63E59BD91A0FD3C2009C0C99 /* myShader.frag */ = {isa = PBXFileReference; fileEncoding = 4; lastKnownFileType = sourcecode.glsl; path = myShader.frag; sourceTree = "<group>"; };
		63E59BDA1A0FD3C2009C0C99 /* customShader.vert */ = {isa = PBXFileReference; fileEncoding = 4; lastKnownFileType = sourcecode.glsl; path = customShader.vert; sourceTree = "<group>"; };
		63E59BDB1A0FD3C2009C0C99 /* customShader.frag */ = {isa = PBXFileReference; fileEncoding = 4; lastKnownFileType = sourcecode.glsl; path = customShader.frag; sourceTree = "<group>"; };
		63E59BE21A0FD44A009C0C99 /* Cocoa.framework */ = {isa = PBXFileReference; lastKnownFileType = wrapper.framework; name = Cocoa.framework; path = System/Library/Frameworks/Cocoa.framework; sourceTree = SDKROOT; };
		63E59BE41A0FD453009C0C99 /* SceneKit.framework */ = {isa = PBXFileReference; lastKnownFileType = wrapper.framework; name = SceneKit.framework; path = System/Library/Frameworks/SceneKit.framework; sourceTree = SDKROOT; };
/* End PBXFileReference section */

/* Begin PBXFrameworksBuildPhase section */
		63E59BB01A0FD38B009C0C99 /* Frameworks */ = {
			isa = PBXFrameworksBuildPhase;
			buildActionMask = 2147483647;
			files = (
				63E59BE51A0FD453009C0C99 /* SceneKit.framework in Frameworks */,
				63E59BE31A0FD44A009C0C99 /* Cocoa.framework in Frameworks */,
			);
			runOnlyForDeploymentPostprocessing = 0;
		};
/* End PBXFrameworksBuildPhase section */

/* Begin PBXGroup section */
		63E59BAA1A0FD38B009C0C99 = {
			isa = PBXGroup;
			children = (
				63E59BB51A0FD38B009C0C99 /* Chapter 12 - Custom Shaders */,
				63E59BE61A0FD4B0009C0C99 /* Frameworks */,
				63E59BB41A0FD38B009C0C99 /* Products */,
			);
			sourceTree = "<group>";
		};
		63E59BB41A0FD38B009C0C99 /* Products */ = {
			isa = PBXGroup;
			children = (
				63E59BB31A0FD38B009C0C99 /* Chapter 12 - Custom Shaders.app */,
			);
			name = Products;
			sourceTree = "<group>";
		};
		63E59BB51A0FD38B009C0C99 /* Chapter 12 - Custom Shaders */ = {
			isa = PBXGroup;
			children = (
				63E59BB81A0FD38B009C0C99 /* AppDelegate.h */,
				63E59BB91A0FD38B009C0C99 /* AppDelegate.m */,
				63E59BBD1A0FD38B009C0C99 /* Images.xcassets */,
				63E59BE11A0FD3CE009C0C99 /* Default Shader */,
				63E59BE01A0FD3C6009C0C99 /* Custom Shader */,
				63E59BD61A0FD3BC009C0C99 /* checker tile dark.jpg */,
				63E59BBF1A0FD38B009C0C99 /* MainMenu.xib */,
				63E59BB61A0FD38B009C0C99 /* Supporting Files */,
			);
			path = "Chapter 12 - Custom Shaders";
			sourceTree = "<group>";
		};
		63E59BB61A0FD38B009C0C99 /* Supporting Files */ = {
			isa = PBXGroup;
			children = (
				63E59BB71A0FD38B009C0C99 /* Info.plist */,
				63E59BBB1A0FD38B009C0C99 /* main.m */,
			);
			name = "Supporting Files";
			sourceTree = "<group>";
		};
		63E59BE01A0FD3C6009C0C99 /* Custom Shader */ = {
			isa = PBXGroup;
			children = (
				63E59BDA1A0FD3C2009C0C99 /* customShader.vert */,
				63E59BDB1A0FD3C2009C0C99 /* customShader.frag */,
			);
			name = "Custom Shader";
			sourceTree = "<group>";
		};
		63E59BE11A0FD3CE009C0C99 /* Default Shader */ = {
			isa = PBXGroup;
			children = (
				63E59BD81A0FD3C2009C0C99 /* myShader.vert */,
				63E59BD91A0FD3C2009C0C99 /* myShader.frag */,
			);
			name = "Default Shader";
			sourceTree = "<group>";
		};
		63E59BE61A0FD4B0009C0C99 /* Frameworks */ = {
			isa = PBXGroup;
			children = (
				63E59BE41A0FD453009C0C99 /* SceneKit.framework */,
				63E59BE21A0FD44A009C0C99 /* Cocoa.framework */,
			);
			name = Frameworks;
			sourceTree = "<group>";
		};
/* End PBXGroup section */

/* Begin PBXNativeTarget section */
		63E59BB21A0FD38B009C0C99 /* Chapter 12 - Custom Shaders */ = {
			isa = PBXNativeTarget;
			buildConfigurationList = 63E59BD01A0FD38C009C0C99 /* Build configuration list for PBXNativeTarget "Chapter 12 - Custom Shaders" */;
			buildPhases = (
				63E59BAF1A0FD38B009C0C99 /* Sources */,
				63E59BB01A0FD38B009C0C99 /* Frameworks */,
				63E59BB11A0FD38B009C0C99 /* Resources */,
			);
			buildRules = (
			);
			dependencies = (
			);
			name = "Chapter 12 - Custom Shaders";
			productName = "Chapter 12 - Custom Shaders";
			productReference = 63E59BB31A0FD38B009C0C99 /* Chapter 12 - Custom Shaders.app */;
			productType = "com.apple.product-type.application";
		};
/* End PBXNativeTarget section */

/* Begin PBXProject section */
		63E59BAB1A0FD38B009C0C99 /* Project object */ = {
			isa = PBXProject;
			attributes = {
				LastUpgradeCheck = 0610;
				ORGANIZATIONNAME = "David Rönnqvist";
				TargetAttributes = {
					63E59BB21A0FD38B009C0C99 = {
						CreatedOnToolsVersion = 6.1;
					};
				};
			};
			buildConfigurationList = 63E59BAE1A0FD38B009C0C99 /* Build configuration list for PBXProject "Chapter 12 - Custom Shaders" */;
			compatibilityVersion = "Xcode 3.2";
			developmentRegion = English;
			hasScannedForEncodings = 0;
			knownRegions = (
				en,
				Base,
			);
			mainGroup = 63E59BAA1A0FD38B009C0C99;
			productRefGroup = 63E59BB41A0FD38B009C0C99 /* Products */;
			projectDirPath = "";
			projectRoot = "";
			targets = (
				63E59BB21A0FD38B009C0C99 /* Chapter 12 - Custom Shaders */,
			);
		};
/* End PBXProject section */

/* Begin PBXResourcesBuildPhase section */
		63E59BB11A0FD38B009C0C99 /* Resources */ = {
			isa = PBXResourcesBuildPhase;
			buildActionMask = 2147483647;
			files = (
				63E59BDD1A0FD3C2009C0C99 /* myShader.frag in Resources */,
				63E59BBE1A0FD38B009C0C99 /* Images.xcassets in Resources */,
				63E59BDF1A0FD3C2009C0C99 /* customShader.frag in Resources */,
				63E59BDE1A0FD3C2009C0C99 /* customShader.vert in Resources */,
				63E59BDC1A0FD3C2009C0C99 /* myShader.vert in Resources */,
				63E59BC11A0FD38B009C0C99 /* MainMenu.xib in Resources */,
				63E59BD71A0FD3BC009C0C99 /* checker tile dark.jpg in Resources */,
			);
			runOnlyForDeploymentPostprocessing = 0;
		};
/* End PBXResourcesBuildPhase section */

/* Begin PBXSourcesBuildPhase section */
		63E59BAF1A0FD38B009C0C99 /* Sources */ = {
			isa = PBXSourcesBuildPhase;
			buildActionMask = 2147483647;
			files = (
				63E59BBC1A0FD38B009C0C99 /* main.m in Sources */,
				63E59BBA1A0FD38B009C0C99 /* AppDelegate.m in Sources */,
			);
			runOnlyForDeploymentPostprocessing = 0;
		};
/* End PBXSourcesBuildPhase section */

/* Begin PBXVariantGroup section */
		63E59BBF1A0FD38B009C0C99 /* MainMenu.xib */ = {
			isa = PBXVariantGroup;
			children = (
				63E59BC01A0FD38B009C0C99 /* Base */,
			);
			name = MainMenu.xib;
			sourceTree = "<group>";
		};
/* End PBXVariantGroup section */

/* Begin XCBuildConfiguration section */
		63E59BCE1A0FD38C009C0C99 /* Debug */ = {
			isa = XCBuildConfiguration;
			buildSettings = {
				ALWAYS_SEARCH_USER_PATHS = NO;
				CLANG_CXX_LANGUAGE_STANDARD = "gnu++0x";
				CLANG_CXX_LIBRARY = "libc++";
				CLANG_ENABLE_MODULES = YES;
				CLANG_ENABLE_OBJC_ARC = YES;
				CLANG_WARN_BOOL_CONVERSION = YES;
				CLANG_WARN_CONSTANT_CONVERSION = YES;
				CLANG_WARN_DIRECT_OBJC_ISA_USAGE = YES_ERROR;
				CLANG_WARN_EMPTY_BODY = YES;
				CLANG_WARN_ENUM_CONVERSION = YES;
				CLANG_WARN_INT_CONVERSION = YES;
				CLANG_WARN_OBJC_ROOT_CLASS = YES_ERROR;
				CLANG_WARN_UNREACHABLE_CODE = YES;
				CLANG_WARN__DUPLICATE_METHOD_MATCH = YES;
				CODE_SIGN_IDENTITY = "-";
				COPY_PHASE_STRIP = NO;
				ENABLE_STRICT_OBJC_MSGSEND = YES;
				GCC_C_LANGUAGE_STANDARD = gnu99;
				GCC_DYNAMIC_NO_PIC = NO;
				GCC_OPTIMIZATION_LEVEL = 0;
				GCC_PREPROCESSOR_DEFINITIONS = (
					"DEBUG=1",
					"$(inherited)",
				);
				GCC_SYMBOLS_PRIVATE_EXTERN = NO;
				GCC_WARN_64_TO_32_BIT_CONVERSION = YES;
				GCC_WARN_ABOUT_RETURN_TYPE = YES_ERROR;
				GCC_WARN_UNDECLARED_SELECTOR = YES;
				GCC_WARN_UNINITIALIZED_AUTOS = YES_AGGRESSIVE;
				GCC_WARN_UNUSED_FUNCTION = YES;
				GCC_WARN_UNUSED_VARIABLE = YES;
				MACOSX_DEPLOYMENT_TARGET = 10.8;
				MTL_ENABLE_DEBUG_INFO = YES;
				ONLY_ACTIVE_ARCH = YES;
				SDKROOT = macosx;
			};
			name = Debug;
		};
		63E59BCF1A0FD38C009C0C99 /* Release */ = {
			isa = XCBuildConfiguration;
			buildSettings = {
				ALWAYS_SEARCH_USER_PATHS = NO;
				CLANG_CXX_LANGUAGE_STANDARD = "gnu++0x";
				CLANG_CXX_LIBRARY = "libc++";
				CLANG_ENABLE_MODULES = YES;
				CLANG_ENABLE_OBJC_ARC = YES;
				CLANG_WARN_BOOL_CONVERSION = YES;
				CLANG_WARN_CONSTANT_CONVERSION = YES;
				CLANG_WARN_DIRECT_OBJC_ISA_USAGE = YES_ERROR;
				CLANG_WARN_EMPTY_BODY = YES;
				CLANG_WARN_ENUM_CONVERSION = YES;
				CLANG_WARN_INT_CONVERSION = YES;
				CLANG_WARN_OBJC_ROOT_CLASS = YES_ERROR;
				CLANG_WARN_UNREACHABLE_CODE = YES;
				CLANG_WARN__DUPLICATE_METHOD_MATCH = YES;
				CODE_SIGN_IDENTITY = "-";
				COPY_PHASE_STRIP = YES;
				DEBUG_INFORMATION_FORMAT = "dwarf-with-dsym";
				ENABLE_NS_ASSERTIONS = NO;
				ENABLE_STRICT_OBJC_MSGSEND = YES;
				GCC_C_LANGUAGE_STANDARD = gnu99;
				GCC_WARN_64_TO_32_BIT_CONVERSION = YES;
				GCC_WARN_ABOUT_RETURN_TYPE = YES_ERROR;
				GCC_WARN_UNDECLARED_SELECTOR = YES;
				GCC_WARN_UNINITIALIZED_AUTOS = YES_AGGRESSIVE;
				GCC_WARN_UNUSED_FUNCTION = YES;
				GCC_WARN_UNUSED_VARIABLE = YES;
				MACOSX_DEPLOYMENT_TARGET = 10.8;
				MTL_ENABLE_DEBUG_INFO = NO;
				SDKROOT = macosx;
			};
			name = Release;
		};
		63E59BD11A0FD38C009C0C99 /* Debug */ = {
			isa = XCBuildConfiguration;
			buildSettings = {
				ASSETCATALOG_COMPILER_APPICON_NAME = AppIcon;
				COMBINE_HIDPI_IMAGES = YES;
				INFOPLIST_FILE = "Chapter 12 - Custom Shaders/Info.plist";
				LD_RUNPATH_SEARCH_PATHS = "$(inherited) @executable_path/../Frameworks";
				PRODUCT_NAME = "$(TARGET_NAME)";
			};
			name = Debug;
		};
		63E59BD21A0FD38C009C0C99 /* Release */ = {
			isa = XCBuildConfiguration;
			buildSettings = {
				ASSETCATALOG_COMPILER_APPICON_NAME = AppIcon;
				COMBINE_HIDPI_IMAGES = YES;
				INFOPLIST_FILE = "Chapter 12 - Custom Shaders/Info.plist";
				LD_RUNPATH_SEARCH_PATHS = "$(inherited) @executable_path/../Frameworks";
				PRODUCT_NAME = "$(TARGET_NAME)";
			};
			name = Release;
		};
/* End XCBuildConfiguration section */

/* Begin XCConfigurationList section */
		63E59BAE1A0FD38B009C0C99 /* Build configuration list for PBXProject "Chapter 12 - Custom Shaders" */ = {
			isa = XCConfigurationList;
			buildConfigurations = (
				63E59BCE1A0FD38C009C0C99 /* Debug */,
				63E59BCF1A0FD38C009C0C99 /* Release */,
			);
			defaultConfigurationIsVisible = 0;
			defaultConfigurationName = Release;
		};
		63E59BD01A0FD38C009C0C99 /* Build configuration list for PBXNativeTarget "Chapter 12 - Custom Shaders" */ = {
			isa = XCConfigurationList;
			buildConfigurations = (
				63E59BD11A0FD38C009C0C99 /* Debug */,
				63E59BD21A0FD38C009C0C99 /* Release */,
			);
			defaultConfigurationIsVisible = 0;
		};
/* End XCConfigurationList section */
	};
	rootObject = 63E59BAB1A0FD38B009C0C99 /* Project object */;
}
